// !$*UTF8*$!
{
	archiveVersion = 1;
	classes = {
	};
	objectVersion = 46;
	objects = {

/* Begin PBXBuildFile section */
		644542471BA964C70053642A /* AppDelegate.swift in Sources */ = {isa = PBXBuildFile; fileRef = 644542461BA964C70053642A /* AppDelegate.swift */; };
		644542491BA964C70053642A /* ViewController.swift in Sources */ = {isa = PBXBuildFile; fileRef = 644542481BA964C70053642A /* ViewController.swift */; };
		6445424C1BA964C70053642A /* Main.storyboard in Resources */ = {isa = PBXBuildFile; fileRef = 6445424A1BA964C70053642A /* Main.storyboard */; };
		6445424E1BA964C70053642A /* Assets.xcassets in Resources */ = {isa = PBXBuildFile; fileRef = 6445424D1BA964C70053642A /* Assets.xcassets */; };
		644542511BA964C70053642A /* LaunchScreen.storyboard in Resources */ = {isa = PBXBuildFile; fileRef = 6445424F1BA964C70053642A /* LaunchScreen.storyboard */; };
/* End PBXBuildFile section */

/* Begin PBXFileReference section */
		644542431BA964C70053642A /* testLayerMask.app */ = {isa = PBXFileReference; explicitFileType = wrapper.application; includeInIndex = 0; path = testLayerMask.app; sourceTree = BUILT_PRODUCTS_DIR; };
		644542461BA964C70053642A /* AppDelegate.swift */ = {isa = PBXFileReference; lastKnownFileType = sourcecode.swift; path = AppDelegate.swift; sourceTree = "<group>"; };
		644542481BA964C70053642A /* ViewController.swift */ = {isa = PBXFileReference; lastKnownFileType = sourcecode.swift; path = ViewController.swift; sourceTree = "<group>"; };
		6445424B1BA964C70053642A /* Base */ = {isa = PBXFileReference; lastKnownFileType = file.storyboard; name = Base; path = Base.lproj/Main.storyboard; sourceTree = "<group>"; };
		6445424D1BA964C70053642A /* Assets.xcassets */ = {isa = PBXFileReference; lastKnownFileType = folder.assetcatalog; path = Assets.xcassets; sourceTree = "<group>"; };
		644542501BA964C70053642A /* Base */ = {isa = PBXFileReference; lastKnownFileType = file.storyboard; name = Base; path = Base.lproj/LaunchScreen.storyboard; sourceTree = "<group>"; };
		644542521BA964C70053642A /* Info.plist */ = {isa = PBXFileReference; lastKnownFileType = text.plist.xml; path = Info.plist; sourceTree = "<group>"; };
/* End PBXFileReference section */

/* Begin PBXFrameworksBuildPhase section */
		644542401BA964C70053642A /* Frameworks */ = {
			isa = PBXFrameworksBuildPhase;
			buildActionMask = 2147483647;
			files = (
			);
			runOnlyForDeploymentPostprocessing = 0;
		};
/* End PBXFrameworksBuildPhase section */

/* Begin PBXGroup section */
		6445423A1BA964C70053642A = {
			isa = PBXGroup;
			children = (
				644542451BA964C70053642A /* testLayerMask */,
				644542441BA964C70053642A /* Products */,
			);
			sourceTree = "<group>";
		};
		644542441BA964C70053642A /* Products */ = {
			isa = PBXGroup;
			children = (
				644542431BA964C70053642A /* testLayerMask.app */,
			);
			name = Products;
			sourceTree = "<group>";
		};
		644542451BA964C70053642A /* testLayerMask */ = {
			isa = PBXGroup;
			children = (
				644542461BA964C70053642A /* AppDelegate.swift */,
				644542481BA964C70053642A /* ViewController.swift */,
				6445424A1BA964C70053642A /* Main.storyboard */,
				6445424D1BA964C70053642A /* Assets.xcassets */,
				6445424F1BA964C70053642A /* LaunchScreen.storyboard */,
				644542521BA964C70053642A /* Info.plist */,
			);
			path = testLayerMask;
			sourceTree = "<group>";
		};
/* End PBXGroup section */

/* Begin PBXNativeTarget section */
		644542421BA964C70053642A /* testLayerMask */ = {
			isa = PBXNativeTarget;
			buildConfigurationList = 644542551BA964C70053642A /* Build configuration list for PBXNativeTarget "testLayerMask" */;
			buildPhases = (
				6445423F1BA964C70053642A /* Sources */,
				644542401BA964C70053642A /* Frameworks */,
				644542411BA964C70053642A /* Resources */,
			);
			buildRules = (
			);
			dependencies = (
			);
			name = testLayerMask;
			productName = testLayerMask;
			productReference = 644542431BA964C70053642A /* testLayerMask.app */;
			productType = "com.apple.product-type.application";
		};
/* End PBXNativeTarget section */

/* Begin PBXProject section */
		6445423B1BA964C70053642A /* Project object */ = {
			isa = PBXProject;
			attributes = {
				LastUpgradeCheck = 0700;
				ORGANIZATIONNAME = csj;
				TargetAttributes = {
					644542421BA964C70053642A = {
						CreatedOnToolsVersion = 7.0;
						DevelopmentTeam = WGKK762EX7;
					};
				};
			};
			buildConfigurationList = 6445423E1BA964C70053642A /* Build configuration list for PBXProject "testLayerMask" */;
			compatibilityVersion = "Xcode 3.2";
			developmentRegion = English;
			hasScannedForEncodings = 0;
			knownRegions = (
				en,
				Base,
			);
			mainGroup = 6445423A1BA964C70053642A;
			productRefGroup = 644542441BA964C70053642A /* Products */;
			projectDirPath = "";
			projectRoot = "";
			targets = (
				644542421BA964C70053642A /* testLayerMask */,
			);
		};
/* End PBXProject section */

/* Begin PBXResourcesBuildPhase section */
		644542411BA964C70053642A /* Resources */ = {
			isa = PBXResourcesBuildPhase;
			buildActionMask = 2147483647;
			files = (
				644542511BA964C70053642A /* LaunchScreen.storyboard in Resources */,
				6445424E1BA964C70053642A /* Assets.xcassets in Resources */,
				6445424C1BA964C70053642A /* Main.storyboard in Resources */,
			);
			runOnlyForDeploymentPostprocessing = 0;
		};
/* End PBXResourcesBuildPhase section */

/* Begin PBXSourcesBuildPhase section */
		6445423F1BA964C70053642A /* Sources */ = {
			isa = PBXSourcesBuildPhase;
			buildActionMask = 2147483647;
			files = (
				644542491BA964C70053642A /* ViewController.swift in Sources */,
				644542471BA964C70053642A /* AppDelegate.swift in Sources */,
			);
			runOnlyForDeploymentPostprocessing = 0;
		};
/* End PBXSourcesBuildPhase section */

/* Begin PBXVariantGroup section */
		6445424A1BA964C70053642A /* Main.storyboard */ = {
			isa = PBXVariantGroup;
			children = (
				6445424B1BA964C70053642A /* Base */,
			);
			name = Main.storyboard;
			sourceTree = "<group>";
		};
		6445424F1BA964C70053642A /* LaunchScreen.storyboard */ = {
			isa = PBXVariantGroup;
			children = (
				644542501BA964C70053642A /* Base */,
			);
			name = LaunchScreen.storyboard;
			sourceTree = "<group>";
		};
/* End PBXVariantGroup section */

/* Begin XCBuildConfiguration section */
		644542531BA964C70053642A /* Debug */ = {
			isa = XCBuildConfiguration;
			buildSettings = {
				ALWAYS_SEARCH_USER_PATHS = NO;
				CLANG_CXX_LANGUAGE_STANDARD = "gnu++0x";
				CLANG_CXX_LIBRARY = "libc++";
				CLANG_ENABLE_MODULES = YES;
				CLANG_ENABLE_OBJC_ARC = YES;
				CLANG_WARN_BOOL_CONVERSION = YES;
				CLANG_WARN_CONSTANT_CONVERSION = YES;
				CLANG_WARN_DIRECT_OBJC_ISA_USAGE = YES_ERROR;
				CLANG_WARN_EMPTY_BODY = YES;
				CLANG_WARN_ENUM_CONVERSION = YES;
				CLANG_WARN_INT_CONVERSION = YES;
				CLANG_WARN_OBJC_ROOT_CLASS = YES_ERROR;
				CLANG_WARN_UNREACHABLE_CODE = YES;
				CLANG_WARN__DUPLICATE_METHOD_MATCH = YES;
				"CODE_SIGN_IDENTITY[sdk=iphoneos*]" = "iPhone Developer";
				COPY_PHASE_STRIP = NO;
				DEBUG_INFORMATION_FORMAT = dwarf;
				ENABLE_STRICT_OBJC_MSGSEND = YES;
				ENABLE_TESTABILITY = YES;
				GCC_C_LANGUAGE_STANDARD = gnu99;
				GCC_DYNAMIC_NO_PIC = NO;
				GCC_NO_COMMON_BLOCKS = YES;
				GCC_OPTIMIZATION_LEVEL = 0;
				GCC_PREPROCESSOR_DEFINITIONS = (
					"DEBUG=1",
					"$(inherited)",
				);
				GCC_WARN_64_TO_32_BIT_CONVERSION = YES;
				GCC_WARN_ABOUT_RETURN_TYPE = YES_ERROR;
				GCC_WARN_UNDECLARED_SELECTOR = YES;
				GCC_WARN_UNINITIALIZED_AUTOS = YES_AGGRESSIVE;
				GCC_WARN_UNUSED_FUNCTION = YES;
				GCC_WARN_UNUSED_VARIABLE = YES;
				IPHONEOS_DEPLOYMENT_TARGET = 9.0;
				MTL_ENABLE_DEBUG_INFO = YES;
				ONLY_ACTIVE_ARCH = YES;
				SDKROOT = iphoneos;
				SWIFT_OPTIMIZATION_LEVEL = "-Onone";
			};
			name = Debug;
		};
		644542541BA964C70053642A /* Release */ = {
			isa = XCBuildConfiguration;
			buildSettings = {
				ALWAYS_SEARCH_USER_PATHS = NO;
				CLANG_CXX_LANGUAGE_STANDARD = "gnu++0x";
				CLANG_CXX_LIBRARY = "libc++";
				CLANG_ENABLE_MODULES = YES;
				CLANG_ENABLE_OBJC_ARC = YES;
				CLANG_WARN_BOOL_CONVERSION = YES;
				CLANG_WARN_CONSTANT_CONVERSION = YES;
				CLANG_WARN_DIRECT_OBJC_ISA_USAGE = YES_ERROR;
				CLANG_WARN_EMPTY_BODY = YES;
				CLANG_WARN_ENUM_CONVERSION = YES;
				CLANG_WARN_INT_CONVERSION = YES;
				CLANG_WARN_OBJC_ROOT_CLASS = YES_ERROR;
				CLANG_WARN_UNREACHABLE_CODE = YES;
				CLANG_WARN__DUPLICATE_METHOD_MATCH = YES;
				"CODE_SIGN_IDENTITY[sdk=iphoneos*]" = "iPhone Developer";
				COPY_PHASE_STRIP = NO;
				DEBUG_INFORMATION_FORMAT = "dwarf-with-dsym";
				ENABLE_NS_ASSERTIONS = NO;
				ENABLE_STRICT_OBJC_MSGSEND = YES;
				GCC_C_LANGUAGE_STANDARD = gnu99;
				GCC_NO_COMMON_BLOCKS = YES;
				GCC_WARN_64_TO_32_BIT_CONVERSION = YES;
				GCC_WARN_ABOUT_RETURN_TYPE = YES_ERROR;
				GCC_WARN_UNDECLARED_SELECTOR = YES;
				GCC_WARN_UNINITIALIZED_AUTOS = YES_AGGRESSIVE;
				GCC_WARN_UNUSED_FUNCTION = YES;
				GCC_WARN_UNUSED_VARIABLE = YES;
				IPHONEOS_DEPLOYMENT_TARGET = 9.0;
				MTL_ENABLE_DEBUG_INFO = NO;
				SDKROOT = iphoneos;
				VALIDATE_PRODUCT = YES;
			};
			name = Release;
		};
		644542561BA964C70053642A /* Debug */ = {
			isa = XCBuildConfiguration;
			buildSettings = {
				ASSETCATALOG_COMPILER_APPICON_NAME = AppIcon;
				INFOPLIST_FILE = testLayerMask/Info.plist;
				LD_RUNPATH_SEARCH_PATHS = "$(inherited) @executable_path/Frameworks";
				PRODUCT_BUNDLE_IDENTIFIER = com.csj.testLayerMask;
				PRODUCT_NAME = "$(TARGET_NAME)";
			};
			name = Debug;
		};
		644542571BA964C70053642A /* Release */ = {
			isa = XCBuildConfiguration;
			buildSettings = {
				ASSETCATALOG_COMPILER_APPICON_NAME = AppIcon;
				INFOPLIST_FILE = testLayerMask/Info.plist;
				LD_RUNPATH_SEARCH_PATHS = "$(inherited) @executable_path/Frameworks";
				PRODUCT_BUNDLE_IDENTIFIER = com.csj.testLayerMask;
				PRODUCT_NAME = "$(TARGET_NAME)";
			};
			name = Release;
		};
/* End XCBuildConfiguration section */

/* Begin XCConfigurationList section */
		6445423E1BA964C70053642A /* Build configuration list for PBXProject "testLayerMask" */ = {
			isa = XCConfigurationList;
			buildConfigurations = (
				644542531BA964C70053642A /* Debug */,
				644542541BA964C70053642A /* Release */,
			);
			defaultConfigurationIsVisible = 0;
			defaultConfigurationName = Release;
		};
		644542551BA964C70053642A /* Build configuration list for PBXNativeTarget "testLayerMask" */ = {
			isa = XCConfigurationList;
			buildConfigurations = (
				644542561BA964C70053642A /* Debug */,
				644542571BA964C70053642A /* Release */,
			);
			defaultConfigurationIsVisible = 0;
		};
/* End XCConfigurationList section */
	};
	rootObject = 6445423B1BA964C70053642A /* Project object */;
}
